
Microsoft Visual Studio Solution File, Format Version 12.00
# Visual Studio Version 16
VisualStudioVersion = 16.0.31515.178
MinimumVisualStudioVersion = 10.0.40219.1
Project("{FAE04EC0-301F-11D3-BF4B-00C04F79EFBC}") = "Singeleton", "Singeleton\Singeleton.csproj", "{8FC353E9-DA2B-4C8B-B8A7-6238AF898998}"
EndProject
Project("{FAE04EC0-301F-11D3-BF4B-00C04F79EFBC}") = "FactoryMethod", "FactoryMethod\FactoryMethod.csproj", "{27FB1C3B-0411-42CE-B10E-5B8A9B82B1E7}"
EndProject
Project("{FAE04EC0-301F-11D3-BF4B-00C04F79EFBC}") = "AbstractFactory", "AbstractFactory\AbstractFactory.csproj", "{3AA3F3A2-9BD5-47F4-BC31-45E8BFB365D1}"
EndProject
Project("{FAE04EC0-301F-11D3-BF4B-00C04F79EFBC}") = "Prototype", "Prototype\Prototype.csproj", "{2976DF01-B1D0-4463-9E37-1331AC271BD5}"
EndProject
Global
	GlobalSection(SolutionConfigurationPlatforms) = preSolution
		Debug|Any CPU = Debug|Any CPU
		Release|Any CPU = Release|Any CPU
	EndGlobalSection
	GlobalSection(ProjectConfigurationPlatforms) = postSolution
		{8FC353E9-DA2B-4C8B-B8A7-6238AF898998}.Debug|Any CPU.ActiveCfg = Debug|Any CPU
		{8FC353E9-DA2B-4C8B-B8A7-6238AF898998}.Debug|Any CPU.Build.0 = Debug|Any CPU
		{8FC353E9-DA2B-4C8B-B8A7-6238AF898998}.Release|Any CPU.ActiveCfg = Release|Any CPU
		{8FC353E9-DA2B-4C8B-B8A7-6238AF898998}.Release|Any CPU.Build.0 = Release|Any CPU
		{27FB1C3B-0411-42CE-B10E-5B8A9B82B1E7}.Debug|Any CPU.ActiveCfg = Debug|Any CPU
		{27FB1C3B-0411-42CE-B10E-5B8A9B82B1E7}.Debug|Any CPU.Build.0 = Debug|Any CPU
		{27FB1C3B-0411-42CE-B10E-5B8A9B82B1E7}.Release|Any CPU.ActiveCfg = Release|Any CPU
		{27FB1C3B-0411-42CE-B10E-5B8A9B82B1E7}.Release|Any CPU.Build.0 = Release|Any CPU
		{3AA3F3A2-9BD5-47F4-BC31-45E8BFB365D1}.Debug|Any CPU.ActiveCfg = Debug|Any CPU
		{3AA3F3A2-9BD5-47F4-BC31-45E8BFB365D1}.Debug|Any CPU.Build.0 = Debug|Any CPU
		{3AA3F3A2-9BD5-47F4-BC31-45E8BFB365D1}.Release|Any CPU.ActiveCfg = Release|Any CPU
		{3AA3F3A2-9BD5-47F4-BC31-45E8BFB365D1}.Release|Any CPU.Build.0 = Release|Any CPU
		{2976DF01-B1D0-4463-9E37-1331AC271BD5}.Debug|Any CPU.ActiveCfg = Debug|Any CPU
		{2976DF01-B1D0-4463-9E37-1331AC271BD5}.Debug|Any CPU.Build.0 = Debug|Any CPU
		{2976DF01-B1D0-4463-9E37-1331AC271BD5}.Release|Any CPU.ActiveCfg = Release|Any CPU
		{2976DF01-B1D0-4463-9E37-1331AC271BD5}.Release|Any CPU.Build.0 = Release|Any CPU
	EndGlobalSection
	GlobalSection(SolutionProperties) = preSolution
		HideSolutionNode = FALSE
	EndGlobalSection
	GlobalSection(ExtensibilityGlobals) = postSolution
		SolutionGuid = {57161742-D244-4310-8150-BFD4C416A7F2}
	EndGlobalSection
EndGlobal
